github.com/bayashi/witness v0.0.21 h1:FjnCIgMlSB16hx7B3MhmFodNTEfdQgvuJW3CxdJD5D0=
github.com/bayashi/witness v0.0.21/go.mod h1:fVtRfTDdEV1D1wIqtlegiqNeg50Sgh1+bGCx60SsVJY=
github.com/davecgh/go-spew v1.1.1 h1:vj9j/u1bqnvCEfJOwUhtlOARqs3+rkHYY13jYWTU97c=
github.com/davecgh/go-spew v1.1.1/go.mod h1:J7Y8YcW2NihsgmVo/mv3lAwl/skON4iLHjSsI+c5H38=
github.com/google/go-cmp v0.6.0 h1:ofyhxvXcZhMsU5ulbFiLKl/XBFqE1GSq7atu8tAmTRI=
github.com/google/go-cmp v0.6.0/go.mod h1:17dUlkBOakJ0+DkrSSNjCkIjxS6bF9zb3elmeNGIjoY=
github.com/pmezard/go-difflib v1.0.0 h1:4DBwDE0NGyQoBHbLQYPwSUPoCMWR5BEzIk/f1lZbAQM=
github.com/pmezard/go-difflib v1.0.0/go.mod h1:iKH77koFhYxTK1pcRnkKkqfTogsbg7gZNVY4sRDYZ/4=
github.com/yassinebenaid/godump v0.9.5 h1:XaV4lhCEZH47pWp3/jRFjQG4Gizy2puZ/LNi6ZZHRdo=
github.com/yassinebenaid/godump v0.9.5/go.mod h1:dc/0w8wmg6kVIvNGAzbKH1Oa54dXQx8SNKh4dPRyW44=
