github.com/bayashi/witness v0.0.16 h1:QEb2mdPbzXmlZBJqMJYji72t5Do3qYmj/sid5mGbTg4=
github.com/bayashi/witness v0.0.16/go.mod h1:xxXU08y35qzkp0kDRGVYuvHB5JVxFKe6vF16puu7gEo=
github.com/davecgh/go-spew v1.1.1 h1:vj9j/u1bqnvCEfJOwUhtlOARqs3+rkHYY13jYWTU97c=
github.com/davecgh/go-spew v1.1.1/go.mod h1:J7Y8YcW2NihsgmVo/mv3lAwl/skON4iLHjSsI+c5H38=
github.com/pmezard/go-difflib v1.0.0 h1:4DBwDE0NGyQoBHbLQYPwSUPoCMWR5BEzIk/f1lZbAQM=
github.com/pmezard/go-difflib v1.0.0/go.mod h1:iKH77koFhYxTK1pcRnkKkqfTogsbg7gZNVY4sRDYZ/4=
